
Microsoft Visual Studio Solution File, Format Version 12.00
# Visual Studio Version 17
VisualStudioVersion = 17.0.32126.317
MinimumVisualStudioVersion = 10.0.40219.1
Project("{FAE04EC0-301F-11D3-BF4B-00C04F79EFBC}") = "WealthApi", "WealthApi\WealthApi.csproj", "{D35C2A43-FEA6-4776-8D4B-255B2497E37B}"
EndProject
Global
	GlobalSection(SolutionConfigurationPlatforms) = preSolution
		Debug|Any CPU = Debug|Any CPU
		Release|Any CPU = Release|Any CPU
	EndGlobalSection
	GlobalSection(ProjectConfigurationPlatforms) = postSolution
		{D35C2A43-FEA6-4776-8D4B-255B2497E37B}.Debug|Any CPU.ActiveCfg = Debug|Any CPU
		{D35C2A43-FEA6-4776-8D4B-255B2497E37B}.Debug|Any CPU.Build.0 = Debug|Any CPU
		{D35C2A43-FEA6-4776-8D4B-255B2497E37B}.Release|Any CPU.ActiveCfg = Release|Any CPU
		{D35C2A43-FEA6-4776-8D4B-255B2497E37B}.Release|Any CPU.Build.0 = Release|Any CPU
	EndGlobalSection
	GlobalSection(SolutionProperties) = preSolution
		HideSolutionNode = FALSE
	EndGlobalSection
	GlobalSection(ExtensibilityGlobals) = postSolution
		SolutionGuid = {A48B5A67-1738-47CC-BE24-4C1940736D07}
	EndGlobalSection
EndGlobal
